
Microsoft Visual Studio Solution File, Format Version 12.00
# Visual Studio Version 17
VisualStudioVersion = 17.9.34728.123
MinimumVisualStudioVersion = 10.0.40219.1
Project("{FAE04EC0-301F-11D3-BF4B-00C04F79EFBC}") = "Teste", "Teste\Teste.csproj", "{1EC110EE-C796-49B1-8B81-7047A95E3E75}"
EndProject
Global
	GlobalSection(SolutionConfigurationPlatforms) = preSolution
		Debug|Any CPU = Debug|Any CPU
		Release|Any CPU = Release|Any CPU
	EndGlobalSection
	GlobalSection(ProjectConfigurationPlatforms) = postSolution
		{1EC110EE-C796-49B1-8B81-7047A95E3E75}.Debug|Any CPU.ActiveCfg = Debug|Any CPU
		{1EC110EE-C796-49B1-8B81-7047A95E3E75}.Debug|Any CPU.Build.0 = Debug|Any CPU
		{1EC110EE-C796-49B1-8B81-7047A95E3E75}.Release|Any CPU.ActiveCfg = Release|Any CPU
		{1EC110EE-C796-49B1-8B81-7047A95E3E75}.Release|Any CPU.Build.0 = Release|Any CPU
	EndGlobalSection
	GlobalSection(SolutionProperties) = preSolution
		HideSolutionNode = FALSE
	EndGlobalSection
	GlobalSection(ExtensibilityGlobals) = postSolution
		SolutionGuid = {C8AE7B2C-BF84-4AA4-A15E-3FEF63276B43}
	EndGlobalSection
EndGlobal
